
Microsoft Visual Studio Solution File, Format Version 12.00
# Visual Studio Version 16
VisualStudioVersion = 16.0.32228.343
MinimumVisualStudioVersion = 10.0.40219.1
Project("{9A19103F-16F7-4668-BE54-9A1E7A4F7556}") = "RocksExplorer", "RocksExplorer.csproj", "{01BE7D12-C027-43DB-B878-C3603B9E7CFA}"
EndProject
Global
	GlobalSection(SolutionConfigurationPlatforms) = preSolution
		Debug|Any CPU = Debug|Any CPU
		Release|Any CPU = Release|Any CPU
	EndGlobalSection
	GlobalSection(ProjectConfigurationPlatforms) = postSolution
		{01BE7D12-C027-43DB-B878-C3603B9E7CFA}.Debug|Any CPU.ActiveCfg = Debug|Any CPU
		{01BE7D12-C027-43DB-B878-C3603B9E7CFA}.Debug|Any CPU.Build.0 = Debug|Any CPU
		{01BE7D12-C027-43DB-B878-C3603B9E7CFA}.Release|Any CPU.ActiveCfg = Release|Any CPU
		{01BE7D12-C027-43DB-B878-C3603B9E7CFA}.Release|Any CPU.Build.0 = Release|Any CPU
	EndGlobalSection
	GlobalSection(SolutionProperties) = preSolution
		HideSolutionNode = FALSE
	EndGlobalSection
	GlobalSection(ExtensibilityGlobals) = postSolution
		SolutionGuid = {B76D6BE3-87E6-4BBD-9DCB-A1C8DBC0AB30}
	EndGlobalSection
EndGlobal
