
Microsoft Visual Studio Solution File, Format Version 12.00
# Visual Studio Version 17
VisualStudioVersion = 17.2.32516.85
MinimumVisualStudioVersion = 10.0.40219.1
Project("{9A19103F-16F7-4668-BE54-9A1E7A4F7556}") = "Hexastore.GRPC.Client", "Hexastore.GRPC.Client.csproj", "{27C824D8-C87C-4452-8EA7-B613BB72303F}"
EndProject
Global
	GlobalSection(SolutionConfigurationPlatforms) = preSolution
		Debug|Any CPU = Debug|Any CPU
		Release|Any CPU = Release|Any CPU
	EndGlobalSection
	GlobalSection(ProjectConfigurationPlatforms) = postSolution
		{27C824D8-C87C-4452-8EA7-B613BB72303F}.Debug|Any CPU.ActiveCfg = Debug|Any CPU
		{27C824D8-C87C-4452-8EA7-B613BB72303F}.Debug|Any CPU.Build.0 = Debug|Any CPU
		{27C824D8-C87C-4452-8EA7-B613BB72303F}.Release|Any CPU.ActiveCfg = Release|Any CPU
		{27C824D8-C87C-4452-8EA7-B613BB72303F}.Release|Any CPU.Build.0 = Release|Any CPU
	EndGlobalSection
	GlobalSection(SolutionProperties) = preSolution
		HideSolutionNode = FALSE
	EndGlobalSection
	GlobalSection(ExtensibilityGlobals) = postSolution
		SolutionGuid = {7DFB99DD-D0A0-4FDC-9C72-523EEBA52CF9}
	EndGlobalSection
EndGlobal
